
Microsoft Visual Studio Solution File, Format Version 12.00
# Visual Studio 15
Project("{FAE04EC0-301F-11D3-BF4B-00C04F79EFBC}") = "Assembly-CSharp", "Assembly-CSharp.csproj", "{3FADA914-646A-FAD0-6B91-C98EE058B8AC}"
EndProject
Project("{FAE04EC0-301F-11D3-BF4B-00C04F79EFBC}") = "AstarPathfindingProject", "AstarPathfindingProject.csproj", "{03DB6D22-ED3C-7E01-CD85-E2F975E80973}"
EndProject
Project("{FAE04EC0-301F-11D3-BF4B-00C04F79EFBC}") = "Assembly-CSharp-firstpass", "Assembly-CSharp-firstpass.csproj", "{52E462CE-79C9-161F-E3CB-B71340C5E8DE}"
EndProject
Project("{FAE04EC0-301F-11D3-BF4B-00C04F79EFBC}") = "AstarPathfindingProjectEditor", "AstarPathfindingProjectEditor.csproj", "{6A59ABDD-AD19-DA67-8AE2-5A164EC24AD4}"
EndProject
Project("{FAE04EC0-301F-11D3-BF4B-00C04F79EFBC}") = "PackageToolsEditor", "PackageToolsEditor.csproj", "{CAC2503D-A2DA-5AC5-344D-FC0F5C9E7874}"
EndProject
Project("{FAE04EC0-301F-11D3-BF4B-00C04F79EFBC}") = "Assembly-CSharp-Editor", "Assembly-CSharp-Editor.csproj", "{89487497-F5C9-024D-5BD7-4EA56F66591D}"
EndProject
Global
	GlobalSection(SolutionConfigurationPlatforms) = preSolution
		Debug|Any CPU = Debug|Any CPU
		Release|Any CPU = Release|Any CPU
	EndGlobalSection
	GlobalSection(ProjectConfigurationPlatforms) = postSolution
		{3FADA914-646A-FAD0-6B91-C98EE058B8AC}.Debug|Any CPU.ActiveCfg = Debug|Any CPU
		{3FADA914-646A-FAD0-6B91-C98EE058B8AC}.Debug|Any CPU.Build.0 = Debug|Any CPU
		{3FADA914-646A-FAD0-6B91-C98EE058B8AC}.Release|Any CPU.ActiveCfg = Release|Any CPU
		{3FADA914-646A-FAD0-6B91-C98EE058B8AC}.Release|Any CPU.Build.0 = Release|Any CPU
		{03DB6D22-ED3C-7E01-CD85-E2F975E80973}.Debug|Any CPU.ActiveCfg = Debug|Any CPU
		{03DB6D22-ED3C-7E01-CD85-E2F975E80973}.Debug|Any CPU.Build.0 = Debug|Any CPU
		{03DB6D22-ED3C-7E01-CD85-E2F975E80973}.Release|Any CPU.ActiveCfg = Release|Any CPU
		{03DB6D22-ED3C-7E01-CD85-E2F975E80973}.Release|Any CPU.Build.0 = Release|Any CPU
		{52E462CE-79C9-161F-E3CB-B71340C5E8DE}.Debug|Any CPU.ActiveCfg = Debug|Any CPU
		{52E462CE-79C9-161F-E3CB-B71340C5E8DE}.Debug|Any CPU.Build.0 = Debug|Any CPU
		{52E462CE-79C9-161F-E3CB-B71340C5E8DE}.Release|Any CPU.ActiveCfg = Release|Any CPU
		{52E462CE-79C9-161F-E3CB-B71340C5E8DE}.Release|Any CPU.Build.0 = Release|Any CPU
		{6A59ABDD-AD19-DA67-8AE2-5A164EC24AD4}.Debug|Any CPU.ActiveCfg = Debug|Any CPU
		{6A59ABDD-AD19-DA67-8AE2-5A164EC24AD4}.Debug|Any CPU.Build.0 = Debug|Any CPU
		{6A59ABDD-AD19-DA67-8AE2-5A164EC24AD4}.Release|Any CPU.ActiveCfg = Release|Any CPU
		{6A59ABDD-AD19-DA67-8AE2-5A164EC24AD4}.Release|Any CPU.Build.0 = Release|Any CPU
		{CAC2503D-A2DA-5AC5-344D-FC0F5C9E7874}.Debug|Any CPU.ActiveCfg = Debug|Any CPU
		{CAC2503D-A2DA-5AC5-344D-FC0F5C9E7874}.Debug|Any CPU.Build.0 = Debug|Any CPU
		{CAC2503D-A2DA-5AC5-344D-FC0F5C9E7874}.Release|Any CPU.ActiveCfg = Release|Any CPU
		{CAC2503D-A2DA-5AC5-344D-FC0F5C9E7874}.Release|Any CPU.Build.0 = Release|Any CPU
		{89487497-F5C9-024D-5BD7-4EA56F66591D}.Debug|Any CPU.ActiveCfg = Debug|Any CPU
		{89487497-F5C9-024D-5BD7-4EA56F66591D}.Debug|Any CPU.Build.0 = Debug|Any CPU
		{89487497-F5C9-024D-5BD7-4EA56F66591D}.Release|Any CPU.ActiveCfg = Release|Any CPU
		{89487497-F5C9-024D-5BD7-4EA56F66591D}.Release|Any CPU.Build.0 = Release|Any CPU
	EndGlobalSection
	GlobalSection(SolutionProperties) = preSolution
		HideSolutionNode = FALSE
	EndGlobalSection
EndGlobal
